
Microsoft Visual Studio Solution File, Format Version 12.00
Project("{2150E333-8FDC-42A3-9474-1A3956D46DE8}") = "src", "src", "{FB4F71CA-C7DA-4C45-893E-24378FFF4D38}"
EndProject
Project("{FAE04EC0-301F-11D3-BF4B-00C04F79EFBC}") = "01Strings", "01Strings\01Strings.csproj", "{9C4599C6-053F-4229-9B93-53B9F565AD37}"
EndProject
Project("{FAE04EC0-301F-11D3-BF4B-00C04F79EFBC}") = "02Operadores", "02Operadores\02Operadores.csproj", "{7D530D42-E951-4443-B053-EF652C468161}"
EndProject
Project("{FAE04EC0-301F-11D3-BF4B-00C04F79EFBC}") = "03Condicionais", "03Condicionais\03Condicionais.csproj", "{1BE2E9E1-3AC7-4EA0-BF07-7FFB030F77E7}"
EndProject
Project("{FAE04EC0-301F-11D3-BF4B-00C04F79EFBC}") = "04Tipos", "04Tipos\04Tipos.csproj", "{6066E7BE-5B50-4C6D-B933-C9B8F942E630}"
EndProject
Project("{FAE04EC0-301F-11D3-BF4B-00C04F79EFBC}") = "05Membros", "05Membros\05Membros.csproj", "{0F2C6343-8BCC-4A23-8400-FA1FAD419D8F}"
EndProject
Project("{FAE04EC0-301F-11D3-BF4B-00C04F79EFBC}") = "06Tuplas", "06Tuplas\06Tuplas.csproj", "{B115BBBC-33A7-43DF-A034-D6015B27129A}"
EndProject
Project("{FAE04EC0-301F-11D3-BF4B-00C04F79EFBC}") = "07Generics", "07Generics\07Generics.csproj", "{1A8E475F-6B69-431C-B80F-7C6AAD9DB5D9}"
EndProject
Project("{FAE04EC0-301F-11D3-BF4B-00C04F79EFBC}") = "08LINQ", "08LINQ\08LINQ.csproj", "{C9813B03-6BA6-4DB7-8C9A-D616DA56F4FC}"
EndProject
Project("{FAE04EC0-301F-11D3-BF4B-00C04F79EFBC}") = "09Excecoes", "09Excecoes\09Excecoes.csproj", "{8E3219A5-7013-469E-8187-A149687ADECB}"
EndProject
Project("{FAE04EC0-301F-11D3-BF4B-00C04F79EFBC}") = "10Geracao", "10Geracao\10Geracao.csproj", "{3981E955-84CC-405D-8683-4D0066E4817C}"
EndProject
Project("{FAE04EC0-301F-11D3-BF4B-00C04F79EFBC}") = "11CleanCode", "11CleanCode\11CleanCode.csproj", "{EC8CA374-C2B9-4C12-8B20-96EE17ECD497}"
EndProject
Project("{FAE04EC0-301F-11D3-BF4B-00C04F79EFBC}") = "12Refatoracao", "12Refatoracao\12Refatoracao.csproj", "{D3A1F5D0-0805-4759-832E-F0862B44BEF6}"
EndProject
Project("{FAE04EC0-301F-11D3-BF4B-00C04F79EFBC}") = "13Depuracao", "13Depuracao\13Depuracao.csproj", "{30D43175-8309-43AF-B5CC-B4F35E8F97E2}"
EndProject
Project("{FAE04EC0-301F-11D3-BF4B-00C04F79EFBC}") = "14Atributos", "14Atributos\14Atributos.csproj", "{A6787335-5B34-4903-BE4C-DEA2C5652AEB}"
EndProject
Project("{FAE04EC0-301F-11D3-BF4B-00C04F79EFBC}") = "15Compilacao", "15Compilacao\15Compilacao.csproj", "{0F0C9E49-681F-4FA1-896D-DFBE4AF40C37}"
EndProject
Global
	GlobalSection(SolutionConfigurationPlatforms) = preSolution
		Debug|Any CPU = Debug|Any CPU
		Release|Any CPU = Release|Any CPU
	EndGlobalSection
	GlobalSection(NestedProjects) = preSolution
		{9C4599C6-053F-4229-9B93-53B9F565AD37} = {FB4F71CA-C7DA-4C45-893E-24378FFF4D38}
		{7D530D42-E951-4443-B053-EF652C468161} = {FB4F71CA-C7DA-4C45-893E-24378FFF4D38}
		{1BE2E9E1-3AC7-4EA0-BF07-7FFB030F77E7} = {FB4F71CA-C7DA-4C45-893E-24378FFF4D38}
		{6066E7BE-5B50-4C6D-B933-C9B8F942E630} = {FB4F71CA-C7DA-4C45-893E-24378FFF4D38}
		{0F2C6343-8BCC-4A23-8400-FA1FAD419D8F} = {FB4F71CA-C7DA-4C45-893E-24378FFF4D38}
		{B115BBBC-33A7-43DF-A034-D6015B27129A} = {FB4F71CA-C7DA-4C45-893E-24378FFF4D38}
		{1A8E475F-6B69-431C-B80F-7C6AAD9DB5D9} = {FB4F71CA-C7DA-4C45-893E-24378FFF4D38}
		{C9813B03-6BA6-4DB7-8C9A-D616DA56F4FC} = {FB4F71CA-C7DA-4C45-893E-24378FFF4D38}
		{8E3219A5-7013-469E-8187-A149687ADECB} = {FB4F71CA-C7DA-4C45-893E-24378FFF4D38}
		{3981E955-84CC-405D-8683-4D0066E4817C} = {FB4F71CA-C7DA-4C45-893E-24378FFF4D38}
		{EC8CA374-C2B9-4C12-8B20-96EE17ECD497} = {FB4F71CA-C7DA-4C45-893E-24378FFF4D38}
		{D3A1F5D0-0805-4759-832E-F0862B44BEF6} = {FB4F71CA-C7DA-4C45-893E-24378FFF4D38}
		{30D43175-8309-43AF-B5CC-B4F35E8F97E2} = {FB4F71CA-C7DA-4C45-893E-24378FFF4D38}
		{A6787335-5B34-4903-BE4C-DEA2C5652AEB} = {FB4F71CA-C7DA-4C45-893E-24378FFF4D38}
		{0F0C9E49-681F-4FA1-896D-DFBE4AF40C37} = {FB4F71CA-C7DA-4C45-893E-24378FFF4D38}
	EndGlobalSection
	GlobalSection(ProjectConfigurationPlatforms) = postSolution
		{9C4599C6-053F-4229-9B93-53B9F565AD37}.Debug|Any CPU.ActiveCfg = Debug|Any CPU
		{9C4599C6-053F-4229-9B93-53B9F565AD37}.Debug|Any CPU.Build.0 = Debug|Any CPU
		{9C4599C6-053F-4229-9B93-53B9F565AD37}.Release|Any CPU.ActiveCfg = Release|Any CPU
		{9C4599C6-053F-4229-9B93-53B9F565AD37}.Release|Any CPU.Build.0 = Release|Any CPU
		{7D530D42-E951-4443-B053-EF652C468161}.Debug|Any CPU.ActiveCfg = Debug|Any CPU
		{7D530D42-E951-4443-B053-EF652C468161}.Debug|Any CPU.Build.0 = Debug|Any CPU
		{7D530D42-E951-4443-B053-EF652C468161}.Release|Any CPU.ActiveCfg = Release|Any CPU
		{7D530D42-E951-4443-B053-EF652C468161}.Release|Any CPU.Build.0 = Release|Any CPU
		{1BE2E9E1-3AC7-4EA0-BF07-7FFB030F77E7}.Debug|Any CPU.ActiveCfg = Debug|Any CPU
		{1BE2E9E1-3AC7-4EA0-BF07-7FFB030F77E7}.Debug|Any CPU.Build.0 = Debug|Any CPU
		{1BE2E9E1-3AC7-4EA0-BF07-7FFB030F77E7}.Release|Any CPU.ActiveCfg = Release|Any CPU
		{1BE2E9E1-3AC7-4EA0-BF07-7FFB030F77E7}.Release|Any CPU.Build.0 = Release|Any CPU
		{6066E7BE-5B50-4C6D-B933-C9B8F942E630}.Debug|Any CPU.ActiveCfg = Debug|Any CPU
		{6066E7BE-5B50-4C6D-B933-C9B8F942E630}.Debug|Any CPU.Build.0 = Debug|Any CPU
		{6066E7BE-5B50-4C6D-B933-C9B8F942E630}.Release|Any CPU.ActiveCfg = Release|Any CPU
		{6066E7BE-5B50-4C6D-B933-C9B8F942E630}.Release|Any CPU.Build.0 = Release|Any CPU
		{0F2C6343-8BCC-4A23-8400-FA1FAD419D8F}.Debug|Any CPU.ActiveCfg = Debug|Any CPU
		{0F2C6343-8BCC-4A23-8400-FA1FAD419D8F}.Debug|Any CPU.Build.0 = Debug|Any CPU
		{0F2C6343-8BCC-4A23-8400-FA1FAD419D8F}.Release|Any CPU.ActiveCfg = Release|Any CPU
		{0F2C6343-8BCC-4A23-8400-FA1FAD419D8F}.Release|Any CPU.Build.0 = Release|Any CPU
		{B115BBBC-33A7-43DF-A034-D6015B27129A}.Debug|Any CPU.ActiveCfg = Debug|Any CPU
		{B115BBBC-33A7-43DF-A034-D6015B27129A}.Debug|Any CPU.Build.0 = Debug|Any CPU
		{B115BBBC-33A7-43DF-A034-D6015B27129A}.Release|Any CPU.ActiveCfg = Release|Any CPU
		{B115BBBC-33A7-43DF-A034-D6015B27129A}.Release|Any CPU.Build.0 = Release|Any CPU
		{1A8E475F-6B69-431C-B80F-7C6AAD9DB5D9}.Debug|Any CPU.ActiveCfg = Debug|Any CPU
		{1A8E475F-6B69-431C-B80F-7C6AAD9DB5D9}.Debug|Any CPU.Build.0 = Debug|Any CPU
		{1A8E475F-6B69-431C-B80F-7C6AAD9DB5D9}.Release|Any CPU.ActiveCfg = Release|Any CPU
		{1A8E475F-6B69-431C-B80F-7C6AAD9DB5D9}.Release|Any CPU.Build.0 = Release|Any CPU
		{C9813B03-6BA6-4DB7-8C9A-D616DA56F4FC}.Debug|Any CPU.ActiveCfg = Debug|Any CPU
		{C9813B03-6BA6-4DB7-8C9A-D616DA56F4FC}.Debug|Any CPU.Build.0 = Debug|Any CPU
		{C9813B03-6BA6-4DB7-8C9A-D616DA56F4FC}.Release|Any CPU.ActiveCfg = Release|Any CPU
		{C9813B03-6BA6-4DB7-8C9A-D616DA56F4FC}.Release|Any CPU.Build.0 = Release|Any CPU
		{8E3219A5-7013-469E-8187-A149687ADECB}.Debug|Any CPU.ActiveCfg = Debug|Any CPU
		{8E3219A5-7013-469E-8187-A149687ADECB}.Debug|Any CPU.Build.0 = Debug|Any CPU
		{8E3219A5-7013-469E-8187-A149687ADECB}.Release|Any CPU.ActiveCfg = Release|Any CPU
		{8E3219A5-7013-469E-8187-A149687ADECB}.Release|Any CPU.Build.0 = Release|Any CPU
		{3981E955-84CC-405D-8683-4D0066E4817C}.Debug|Any CPU.ActiveCfg = Debug|Any CPU
		{3981E955-84CC-405D-8683-4D0066E4817C}.Debug|Any CPU.Build.0 = Debug|Any CPU
		{3981E955-84CC-405D-8683-4D0066E4817C}.Release|Any CPU.ActiveCfg = Release|Any CPU
		{3981E955-84CC-405D-8683-4D0066E4817C}.Release|Any CPU.Build.0 = Release|Any CPU
		{EC8CA374-C2B9-4C12-8B20-96EE17ECD497}.Debug|Any CPU.ActiveCfg = Debug|Any CPU
		{EC8CA374-C2B9-4C12-8B20-96EE17ECD497}.Debug|Any CPU.Build.0 = Debug|Any CPU
		{EC8CA374-C2B9-4C12-8B20-96EE17ECD497}.Release|Any CPU.ActiveCfg = Release|Any CPU
		{EC8CA374-C2B9-4C12-8B20-96EE17ECD497}.Release|Any CPU.Build.0 = Release|Any CPU
		{D3A1F5D0-0805-4759-832E-F0862B44BEF6}.Debug|Any CPU.ActiveCfg = Debug|Any CPU
		{D3A1F5D0-0805-4759-832E-F0862B44BEF6}.Debug|Any CPU.Build.0 = Debug|Any CPU
		{D3A1F5D0-0805-4759-832E-F0862B44BEF6}.Release|Any CPU.ActiveCfg = Release|Any CPU
		{D3A1F5D0-0805-4759-832E-F0862B44BEF6}.Release|Any CPU.Build.0 = Release|Any CPU
		{30D43175-8309-43AF-B5CC-B4F35E8F97E2}.Debug|Any CPU.ActiveCfg = Debug|Any CPU
		{30D43175-8309-43AF-B5CC-B4F35E8F97E2}.Debug|Any CPU.Build.0 = Debug|Any CPU
		{30D43175-8309-43AF-B5CC-B4F35E8F97E2}.Release|Any CPU.ActiveCfg = Release|Any CPU
		{30D43175-8309-43AF-B5CC-B4F35E8F97E2}.Release|Any CPU.Build.0 = Release|Any CPU
		{A6787335-5B34-4903-BE4C-DEA2C5652AEB}.Debug|Any CPU.ActiveCfg = Debug|Any CPU
		{A6787335-5B34-4903-BE4C-DEA2C5652AEB}.Debug|Any CPU.Build.0 = Debug|Any CPU
		{A6787335-5B34-4903-BE4C-DEA2C5652AEB}.Release|Any CPU.ActiveCfg = Release|Any CPU
		{A6787335-5B34-4903-BE4C-DEA2C5652AEB}.Release|Any CPU.Build.0 = Release|Any CPU
		{0F0C9E49-681F-4FA1-896D-DFBE4AF40C37}.Debug|Any CPU.ActiveCfg = Debug|Any CPU
		{0F0C9E49-681F-4FA1-896D-DFBE4AF40C37}.Debug|Any CPU.Build.0 = Debug|Any CPU
		{0F0C9E49-681F-4FA1-896D-DFBE4AF40C37}.Release|Any CPU.ActiveCfg = Release|Any CPU
		{0F0C9E49-681F-4FA1-896D-DFBE4AF40C37}.Release|Any CPU.Build.0 = Release|Any CPU
	EndGlobalSection
EndGlobal
